
Microsoft Visual Studio Solution File, Format Version 12.00
# Visual Studio Version 17
VisualStudioVersion = 17.9.34701.34
MinimumVisualStudioVersion = 10.0.40219.1
Project("{FAE04EC0-301F-11D3-BF4B-00C04F79EFBC}") = "BiblioTech", "BiblioTech.csproj", "{4453AA32-9181-4FCE-88FC-1B2C9E4BA45B}"
EndProject
Global
	GlobalSection(SolutionConfigurationPlatforms) = preSolution
		Debug|Any CPU = Debug|Any CPU
		Release|Any CPU = Release|Any CPU
	EndGlobalSection
	GlobalSection(ProjectConfigurationPlatforms) = postSolution
		{4453AA32-9181-4FCE-88FC-1B2C9E4BA45B}.Debug|Any CPU.ActiveCfg = Debug|Any CPU
		{4453AA32-9181-4FCE-88FC-1B2C9E4BA45B}.Debug|Any CPU.Build.0 = Debug|Any CPU
		{4453AA32-9181-4FCE-88FC-1B2C9E4BA45B}.Release|Any CPU.ActiveCfg = Release|Any CPU
		{4453AA32-9181-4FCE-88FC-1B2C9E4BA45B}.Release|Any CPU.Build.0 = Release|Any CPU
	EndGlobalSection
	GlobalSection(SolutionProperties) = preSolution
		HideSolutionNode = FALSE
	EndGlobalSection
	GlobalSection(ExtensibilityGlobals) = postSolution
		SolutionGuid = {42FE61B0-2902-4135-B484-90C2FC04640B}
	EndGlobalSection
EndGlobal
